
Microsoft Visual Studio Solution File, Format Version 12.00
# Visual Studio Version 17
VisualStudioVersion = 17.6.33513.286
MinimumVisualStudioVersion = 10.0.40219.1
Project("{FAE04EC0-301F-11D3-BF4B-00C04F79EFBC}") = "ServiceSelf", "ServiceSelf\ServiceSelf.csproj", "{3448029B-5C78-447C-BF6F-8DDFC24A3BA9}"
EndProject
Project("{FAE04EC0-301F-11D3-BF4B-00C04F79EFBC}") = "App", "App\App.csproj", "{F80CC46C-9C3E-492D-9685-093B4F2CE8ED}"
EndProject
Global
	GlobalSection(SolutionConfigurationPlatforms) = preSolution
		Debug|Any CPU = Debug|Any CPU
		Release|Any CPU = Release|Any CPU
	EndGlobalSection
	GlobalSection(ProjectConfigurationPlatforms) = postSolution
		{3448029B-5C78-447C-BF6F-8DDFC24A3BA9}.Debug|Any CPU.ActiveCfg = Debug|Any CPU
		{3448029B-5C78-447C-BF6F-8DDFC24A3BA9}.Debug|Any CPU.Build.0 = Debug|Any CPU
		{3448029B-5C78-447C-BF6F-8DDFC24A3BA9}.Release|Any CPU.ActiveCfg = Release|Any CPU
		{3448029B-5C78-447C-BF6F-8DDFC24A3BA9}.Release|Any CPU.Build.0 = Release|Any CPU
		{F80CC46C-9C3E-492D-9685-093B4F2CE8ED}.Debug|Any CPU.ActiveCfg = Debug|Any CPU
		{F80CC46C-9C3E-492D-9685-093B4F2CE8ED}.Debug|Any CPU.Build.0 = Debug|Any CPU
		{F80CC46C-9C3E-492D-9685-093B4F2CE8ED}.Release|Any CPU.ActiveCfg = Release|Any CPU
		{F80CC46C-9C3E-492D-9685-093B4F2CE8ED}.Release|Any CPU.Build.0 = Release|Any CPU
	EndGlobalSection
	GlobalSection(SolutionProperties) = preSolution
		HideSolutionNode = FALSE
	EndGlobalSection
	GlobalSection(ExtensibilityGlobals) = postSolution
		SolutionGuid = {5A6EBCB2-0032-49A2-9A45-9DADB07C220A}
	EndGlobalSection
EndGlobal
